name: update-flake-lock
on:
  workflow_dispatch:
  schedule:
    - cron: "0 0 * * 0"

jobs:
  lockfile:
    runs-on: ubuntu-latest
    permissions:
      actions: write
      contents: write
      pull-requests: write
    steps:
      - name: Checkout repository
        uses: actions/checkout@v4
      - name: Install Nix
        uses: DeterminateSystems/nix-installer-action@main
      - name: Update flake.lock
        uses: DeterminateSystems/update-flake-lock@main
        with:
          pr-title: "chore: update flake.lock"
          pr-labels: "dependencies"
      - uses: benc-uk/workflow-dispatch@v1
        if: ${{ contains(fromJSON('["created", "updated"]'), steps.update-flake-lock.outputs.pull-request-operation) }}
        with:
          workflow: ci.yml
          ref: refs/heads/update_flake_lock_action
